
Microsoft Visual Studio Solution File, Format Version 12.00
# Visual Studio Version 16
VisualStudioVersion = 25.0.1700.0
MinimumVisualStudioVersion = 10.0.40219.1
Project("{FAE04EC0-301F-11D3-BF4B-00C04F79EFBC}") = "File_Directory_Serialization", "File_Directory_Serialization.csproj", "{540A87BA-A8EC-4297-9917-4B0F18594012}"
EndProject
Global
	GlobalSection(SolutionConfigurationPlatforms) = preSolution
		Debug|Any CPU = Debug|Any CPU
		Release|Any CPU = Release|Any CPU
	EndGlobalSection
	GlobalSection(ProjectConfigurationPlatforms) = postSolution
		{540A87BA-A8EC-4297-9917-4B0F18594012}.Debug|Any CPU.ActiveCfg = Debug|Any CPU
		{540A87BA-A8EC-4297-9917-4B0F18594012}.Debug|Any CPU.Build.0 = Debug|Any CPU
		{540A87BA-A8EC-4297-9917-4B0F18594012}.Release|Any CPU.ActiveCfg = Release|Any CPU
		{540A87BA-A8EC-4297-9917-4B0F18594012}.Release|Any CPU.Build.0 = Release|Any CPU
	EndGlobalSection
	GlobalSection(SolutionProperties) = preSolution
		HideSolutionNode = FALSE
	EndGlobalSection
	GlobalSection(ExtensibilityGlobals) = postSolution
		SolutionGuid = {4A642074-9984-4763-8658-ED724C4EADFF}
	EndGlobalSection
EndGlobal
